
Microsoft Visual Studio Solution File, Format Version 12.00
# Visual Studio Version 17
VisualStudioVersion = 17.4.33205.214
MinimumVisualStudioVersion = 10.0.40219.1
Project("{8BC9CEB8-8B4A-11D0-8D11-00A0C91BC942}") = "traning", "traning\traning.vcxproj", "{F9954975-19EB-4043-8972-F82DDB049FFA}"
EndProject
Global
	GlobalSection(SolutionConfigurationPlatforms) = preSolution
		Debug|x64 = Debug|x64
		Debug|x86 = Debug|x86
		Release|x64 = Release|x64
		Release|x86 = Release|x86
	EndGlobalSection
	GlobalSection(ProjectConfigurationPlatforms) = postSolution
		{F9954975-19EB-4043-8972-F82DDB049FFA}.Debug|x64.ActiveCfg = Debug|x64
		{F9954975-19EB-4043-8972-F82DDB049FFA}.Debug|x64.Build.0 = Debug|x64
		{F9954975-19EB-4043-8972-F82DDB049FFA}.Debug|x86.ActiveCfg = Debug|Win32
		{F9954975-19EB-4043-8972-F82DDB049FFA}.Debug|x86.Build.0 = Debug|Win32
		{F9954975-19EB-4043-8972-F82DDB049FFA}.Release|x64.ActiveCfg = Release|x64
		{F9954975-19EB-4043-8972-F82DDB049FFA}.Release|x64.Build.0 = Release|x64
		{F9954975-19EB-4043-8972-F82DDB049FFA}.Release|x86.ActiveCfg = Release|Win32
		{F9954975-19EB-4043-8972-F82DDB049FFA}.Release|x86.Build.0 = Release|Win32
	EndGlobalSection
	GlobalSection(SolutionProperties) = preSolution
		HideSolutionNode = FALSE
	EndGlobalSection
	GlobalSection(ExtensibilityGlobals) = postSolution
		SolutionGuid = {878B0AC6-E8C3-437E-ABB9-CDA340A29390}
	EndGlobalSection
EndGlobal
